
Microsoft Visual Studio Solution File, Format Version 12.00
# Visual Studio 15
Project("{FAE04EC0-301F-11D3-BF4B-00C04F79EFBC}") = "Coco", "Coco.csproj", "{CC13D660-2F2A-435B-B3D0-74BD2CE3917B}"
EndProject
Global
	GlobalSection(SolutionConfigurationPlatforms) = preSolution
		Debug|Any CPU = Debug|Any CPU
		Release|Any CPU = Release|Any CPU
	EndGlobalSection
	GlobalSection(ProjectConfigurationPlatforms) = postSolution
		{CC13D660-2F2A-435B-B3D0-74BD2CE3917B}.Debug|Any CPU.ActiveCfg = Debug|Any CPU
		{CC13D660-2F2A-435B-B3D0-74BD2CE3917B}.Debug|Any CPU.Build.0 = Debug|Any CPU
		{CC13D660-2F2A-435B-B3D0-74BD2CE3917B}.Release|Any CPU.ActiveCfg = Release|Any CPU
		{CC13D660-2F2A-435B-B3D0-74BD2CE3917B}.Release|Any CPU.Build.0 = Release|Any CPU
	EndGlobalSection
EndGlobal
